{
  "name": "leds-tools-spark-lib",
  "lockfileVersion": 3,
  "requires": true,
  "packages": {
    "": {
      "dependencies": {
        "seon-lib-implementation": "^0.0.32"
      }
    },
    "node_modules/seon-lib-implementation": {
      "version": "0.0.32",
      "resolved": "https://registry.npmjs.org/seon-lib-implementation/-/seon-lib-implementation-0.0.32.tgz",
      "integrity": "sha512-42ssUlaMqq3h2yWCPMCLA8YpmcLMwLd8E8osubIsZ8gx0t9zhFuaOmTXwGBFW9A/vpKh/ZFP32Kpm1naiml0+g==",
      "license": "MIT"
    }
  }
}
